
Microsoft Visual Studio Solution File, Format Version 12.00
# Visual Studio Version 17
VisualStudioVersion = 17.11.35222.181
MinimumVisualStudioVersion = 10.0.40219.1
Project("{FAE04EC0-301F-11D3-BF4B-00C04F79EFBC}") = "KALKULATOR", "KALKULATOR\KALKULATOR.csproj", "{CF7BBB32-91E4-4D49-B7B1-D1786454894E}"
EndProject
Global
	GlobalSection(SolutionConfigurationPlatforms) = preSolution
		Debug|Any CPU = Debug|Any CPU
		Release|Any CPU = Release|Any CPU
	EndGlobalSection
	GlobalSection(ProjectConfigurationPlatforms) = postSolution
		{CF7BBB32-91E4-4D49-B7B1-D1786454894E}.Debug|Any CPU.ActiveCfg = Debug|Any CPU
		{CF7BBB32-91E4-4D49-B7B1-D1786454894E}.Debug|Any CPU.Build.0 = Debug|Any CPU
		{CF7BBB32-91E4-4D49-B7B1-D1786454894E}.Release|Any CPU.ActiveCfg = Release|Any CPU
		{CF7BBB32-91E4-4D49-B7B1-D1786454894E}.Release|Any CPU.Build.0 = Release|Any CPU
	EndGlobalSection
	GlobalSection(SolutionProperties) = preSolution
		HideSolutionNode = FALSE
	EndGlobalSection
	GlobalSection(ExtensibilityGlobals) = postSolution
		SolutionGuid = {6AD25595-AAFF-446D-B794-0E2C2F05EC1B}
	EndGlobalSection
EndGlobal
